# @generated by Move, please check-in and do not edit manually.

[move]
version = 3
manifest_digest = "AE3745D4F62B8E56A761A83DB6FCC34C848025E23F4FFBE0DF0C1DD7BC01DF08"
deps_digest = "F8BBB0CCB2491CA29A3DF03D6F92277A4F3574266507ACD77214D37ECA3F3082"
dependencies = [
  { id = "Sui", name = "Sui" },
]

[[move.package]]
id = "MoveStdlib"
source = { git = "https://github.com/MystenLabs/sui.git", rev = "framework/testnet", subdir = "crates/sui-framework/packages/move-stdlib" }

[[move.package]]
id = "Sui"
source = { git = "https://github.com/MystenLabs/sui.git", rev = "framework/testnet", subdir = "crates/sui-framework/packages/sui-framework" }

dependencies = [
  { id = "MoveStdlib", name = "MoveStdlib" },
]

[move.toolchain-version]
compiler-version = "1.53.1"
edition = "2024.beta"
flavor = "sui"

[env]

[env.testnet]
chain-id = "4c78adac"
original-published-id = "0x66dd12aeb5b7c35ec6c5a68c60e0b3f21a4252d1ee80a43da8f6225b074adb0b"
latest-published-id = "0x66dd12aeb5b7c35ec6c5a68c60e0b3f21a4252d1ee80a43da8f6225b074adb0b"
published-version = "1"
